
Microsoft Visual Studio Solution File, Format Version 12.00
# Visual Studio 15
VisualStudioVersion = 15.0.27004.2005
MinimumVisualStudioVersion = 10.0.40219.1
Project("{FAE04EC0-301F-11D3-BF4B-00C04F79EFBC}") = "Sockets.Server", "Sockets.Server\Sockets.Server.csproj", "{B1469213-18AC-4781-B00E-07FAF2FF706A}"
EndProject
Project("{FAE04EC0-301F-11D3-BF4B-00C04F79EFBC}") = "Sockets.Model", "Sockets.Model\Sockets.Model.csproj", "{741971C9-E24C-4D59-B684-607DB5989C41}"
EndProject
Project("{FAE04EC0-301F-11D3-BF4B-00C04F79EFBC}") = "Sockets.Client", "Sockets.Client\Sockets.Client.csproj", "{ADF1B3A0-9901-40A2-A966-8E764810242A}"
EndProject
Project("{FAE04EC0-301F-11D3-BF4B-00C04F79EFBC}") = "Sockets.AsyncServer", "Sockets.AsyncServer\Sockets.AsyncServer.csproj", "{A11538EF-71FE-4121-A3CF-54C919C38127}"
EndProject
Project("{FAE04EC0-301F-11D3-BF4B-00C04F79EFBC}") = "Sockets.AsyncClient", "Sockets.AsyncClient\Sockets.AsyncClient.csproj", "{80D40247-0FF8-4ECD-9EE0-AC4A4F3F0E79}"
EndProject
Project("{FAE04EC0-301F-11D3-BF4B-00C04F79EFBC}") = "Declarative", "Declarative\Declarative.csproj", "{0C1DEF5B-D4DA-4A45-955E-167EDDCDAAC4}"
EndProject
Project("{FAE04EC0-301F-11D3-BF4B-00C04F79EFBC}") = "Imperative", "Imperative\Imperative.csproj", "{C10F35B6-80F0-4A6C-A99D-56E33F122971}"
EndProject
Project("{FAE04EC0-301F-11D3-BF4B-00C04F79EFBC}") = "Sockets.Chat.Model", "Sockets.Chat.Model\Sockets.Chat.Model.csproj", "{B89099EB-76C2-4FAB-8497-77418A521687}"
EndProject
Project("{FAE04EC0-301F-11D3-BF4B-00C04F79EFBC}") = "Sockets.Chat.Server.CUI", "Sockets.Chat.Server.CUI\Sockets.Chat.Server.CUI.csproj", "{BD36D8A5-BC53-4C93-B65C-0C67EF950CD0}"
EndProject
Project("{FAE04EC0-301F-11D3-BF4B-00C04F79EFBC}") = "Sockets.Chat.Client.CUI", "Sockets.Chat.Client.CUI\Sockets.Chat.Client.CUI.csproj", "{DF895631-C593-4C51-8290-C6996FA19273}"
EndProject
Project("{FAE04EC0-301F-11D3-BF4B-00C04F79EFBC}") = "Sockets.Chat.Client.GUI", "Sockets.Chat.Client.GUI\Sockets.Chat.Client.GUI.csproj", "{47A26D4B-6AB4-488A-82C6-97AD0D37732F}"
EndProject
Project("{2150E333-8FDC-42A3-9474-1A3956D46DE8}") = "Chat", "Chat", "{5BF2361F-7BAE-4FBE-9044-87428D29BC4F}"
EndProject
Project("{2150E333-8FDC-42A3-9474-1A3956D46DE8}") = "DefaultSockets", "DefaultSockets", "{7A723E35-9C68-4901-A532-748A84020637}"
EndProject
Project("{2150E333-8FDC-42A3-9474-1A3956D46DE8}") = "AsyncSockets", "AsyncSockets", "{090A2B24-163A-4BFD-98DF-8077FA01522B}"
EndProject
Project("{FAE04EC0-301F-11D3-BF4B-00C04F79EFBC}") = "Sockets.Chat.Model.Tests", "Sockets.Chat.Model.Tests\Sockets.Chat.Model.Tests.csproj", "{24E5E069-793D-4038-AEF0-902A74F86A9A}"
EndProject
Project("{FAE04EC0-301F-11D3-BF4B-00C04F79EFBC}") = "PortListener", "PortListener\PortListener.csproj", "{D042734C-D528-4898-8564-554C09555ACE}"
EndProject
Global
	GlobalSection(SolutionConfigurationPlatforms) = preSolution
		Debug|Any CPU = Debug|Any CPU
		Release|Any CPU = Release|Any CPU
	EndGlobalSection
	GlobalSection(ProjectConfigurationPlatforms) = postSolution
		{B1469213-18AC-4781-B00E-07FAF2FF706A}.Debug|Any CPU.ActiveCfg = Debug|Any CPU
		{B1469213-18AC-4781-B00E-07FAF2FF706A}.Debug|Any CPU.Build.0 = Debug|Any CPU
		{B1469213-18AC-4781-B00E-07FAF2FF706A}.Release|Any CPU.ActiveCfg = Release|Any CPU
		{B1469213-18AC-4781-B00E-07FAF2FF706A}.Release|Any CPU.Build.0 = Release|Any CPU
		{741971C9-E24C-4D59-B684-607DB5989C41}.Debug|Any CPU.ActiveCfg = Debug|Any CPU
		{741971C9-E24C-4D59-B684-607DB5989C41}.Debug|Any CPU.Build.0 = Debug|Any CPU
		{741971C9-E24C-4D59-B684-607DB5989C41}.Release|Any CPU.ActiveCfg = Release|Any CPU
		{741971C9-E24C-4D59-B684-607DB5989C41}.Release|Any CPU.Build.0 = Release|Any CPU
		{ADF1B3A0-9901-40A2-A966-8E764810242A}.Debug|Any CPU.ActiveCfg = Debug|Any CPU
		{ADF1B3A0-9901-40A2-A966-8E764810242A}.Debug|Any CPU.Build.0 = Debug|Any CPU
		{ADF1B3A0-9901-40A2-A966-8E764810242A}.Release|Any CPU.ActiveCfg = Release|Any CPU
		{ADF1B3A0-9901-40A2-A966-8E764810242A}.Release|Any CPU.Build.0 = Release|Any CPU
		{A11538EF-71FE-4121-A3CF-54C919C38127}.Debug|Any CPU.ActiveCfg = Debug|Any CPU
		{A11538EF-71FE-4121-A3CF-54C919C38127}.Debug|Any CPU.Build.0 = Debug|Any CPU
		{A11538EF-71FE-4121-A3CF-54C919C38127}.Release|Any CPU.ActiveCfg = Release|Any CPU
		{A11538EF-71FE-4121-A3CF-54C919C38127}.Release|Any CPU.Build.0 = Release|Any CPU
		{80D40247-0FF8-4ECD-9EE0-AC4A4F3F0E79}.Debug|Any CPU.ActiveCfg = Debug|Any CPU
		{80D40247-0FF8-4ECD-9EE0-AC4A4F3F0E79}.Debug|Any CPU.Build.0 = Debug|Any CPU
		{80D40247-0FF8-4ECD-9EE0-AC4A4F3F0E79}.Release|Any CPU.ActiveCfg = Release|Any CPU
		{80D40247-0FF8-4ECD-9EE0-AC4A4F3F0E79}.Release|Any CPU.Build.0 = Release|Any CPU
		{0C1DEF5B-D4DA-4A45-955E-167EDDCDAAC4}.Debug|Any CPU.ActiveCfg = Debug|Any CPU
		{0C1DEF5B-D4DA-4A45-955E-167EDDCDAAC4}.Debug|Any CPU.Build.0 = Debug|Any CPU
		{0C1DEF5B-D4DA-4A45-955E-167EDDCDAAC4}.Release|Any CPU.ActiveCfg = Release|Any CPU
		{0C1DEF5B-D4DA-4A45-955E-167EDDCDAAC4}.Release|Any CPU.Build.0 = Release|Any CPU
		{C10F35B6-80F0-4A6C-A99D-56E33F122971}.Debug|Any CPU.ActiveCfg = Debug|Any CPU
		{C10F35B6-80F0-4A6C-A99D-56E33F122971}.Debug|Any CPU.Build.0 = Debug|Any CPU
		{C10F35B6-80F0-4A6C-A99D-56E33F122971}.Release|Any CPU.ActiveCfg = Release|Any CPU
		{C10F35B6-80F0-4A6C-A99D-56E33F122971}.Release|Any CPU.Build.0 = Release|Any CPU
		{B89099EB-76C2-4FAB-8497-77418A521687}.Debug|Any CPU.ActiveCfg = Debug|Any CPU
		{B89099EB-76C2-4FAB-8497-77418A521687}.Debug|Any CPU.Build.0 = Debug|Any CPU
		{B89099EB-76C2-4FAB-8497-77418A521687}.Release|Any CPU.ActiveCfg = Release|Any CPU
		{B89099EB-76C2-4FAB-8497-77418A521687}.Release|Any CPU.Build.0 = Release|Any CPU
		{BD36D8A5-BC53-4C93-B65C-0C67EF950CD0}.Debug|Any CPU.ActiveCfg = Debug|Any CPU
		{BD36D8A5-BC53-4C93-B65C-0C67EF950CD0}.Debug|Any CPU.Build.0 = Debug|Any CPU
		{BD36D8A5-BC53-4C93-B65C-0C67EF950CD0}.Release|Any CPU.ActiveCfg = Release|Any CPU
		{BD36D8A5-BC53-4C93-B65C-0C67EF950CD0}.Release|Any CPU.Build.0 = Release|Any CPU
		{DF895631-C593-4C51-8290-C6996FA19273}.Debug|Any CPU.ActiveCfg = Debug|Any CPU
		{DF895631-C593-4C51-8290-C6996FA19273}.Debug|Any CPU.Build.0 = Debug|Any CPU
		{DF895631-C593-4C51-8290-C6996FA19273}.Release|Any CPU.ActiveCfg = Release|Any CPU
		{DF895631-C593-4C51-8290-C6996FA19273}.Release|Any CPU.Build.0 = Release|Any CPU
		{47A26D4B-6AB4-488A-82C6-97AD0D37732F}.Debug|Any CPU.ActiveCfg = Debug|Any CPU
		{47A26D4B-6AB4-488A-82C6-97AD0D37732F}.Debug|Any CPU.Build.0 = Debug|Any CPU
		{47A26D4B-6AB4-488A-82C6-97AD0D37732F}.Release|Any CPU.ActiveCfg = Release|Any CPU
		{47A26D4B-6AB4-488A-82C6-97AD0D37732F}.Release|Any CPU.Build.0 = Release|Any CPU
		{24E5E069-793D-4038-AEF0-902A74F86A9A}.Debug|Any CPU.ActiveCfg = Debug|Any CPU
		{24E5E069-793D-4038-AEF0-902A74F86A9A}.Debug|Any CPU.Build.0 = Debug|Any CPU
		{24E5E069-793D-4038-AEF0-902A74F86A9A}.Release|Any CPU.ActiveCfg = Release|Any CPU
		{24E5E069-793D-4038-AEF0-902A74F86A9A}.Release|Any CPU.Build.0 = Release|Any CPU
		{D042734C-D528-4898-8564-554C09555ACE}.Debug|Any CPU.ActiveCfg = Debug|Any CPU
		{D042734C-D528-4898-8564-554C09555ACE}.Debug|Any CPU.Build.0 = Debug|Any CPU
		{D042734C-D528-4898-8564-554C09555ACE}.Release|Any CPU.ActiveCfg = Release|Any CPU
		{D042734C-D528-4898-8564-554C09555ACE}.Release|Any CPU.Build.0 = Release|Any CPU
	EndGlobalSection
	GlobalSection(SolutionProperties) = preSolution
		HideSolutionNode = FALSE
	EndGlobalSection
	GlobalSection(NestedProjects) = preSolution
		{B1469213-18AC-4781-B00E-07FAF2FF706A} = {7A723E35-9C68-4901-A532-748A84020637}
		{ADF1B3A0-9901-40A2-A966-8E764810242A} = {7A723E35-9C68-4901-A532-748A84020637}
		{A11538EF-71FE-4121-A3CF-54C919C38127} = {090A2B24-163A-4BFD-98DF-8077FA01522B}
		{80D40247-0FF8-4ECD-9EE0-AC4A4F3F0E79} = {090A2B24-163A-4BFD-98DF-8077FA01522B}
		{0C1DEF5B-D4DA-4A45-955E-167EDDCDAAC4} = {7A723E35-9C68-4901-A532-748A84020637}
		{C10F35B6-80F0-4A6C-A99D-56E33F122971} = {7A723E35-9C68-4901-A532-748A84020637}
		{B89099EB-76C2-4FAB-8497-77418A521687} = {5BF2361F-7BAE-4FBE-9044-87428D29BC4F}
		{BD36D8A5-BC53-4C93-B65C-0C67EF950CD0} = {5BF2361F-7BAE-4FBE-9044-87428D29BC4F}
		{DF895631-C593-4C51-8290-C6996FA19273} = {5BF2361F-7BAE-4FBE-9044-87428D29BC4F}
		{47A26D4B-6AB4-488A-82C6-97AD0D37732F} = {5BF2361F-7BAE-4FBE-9044-87428D29BC4F}
		{24E5E069-793D-4038-AEF0-902A74F86A9A} = {5BF2361F-7BAE-4FBE-9044-87428D29BC4F}
	EndGlobalSection
	GlobalSection(ExtensibilityGlobals) = postSolution
		SolutionGuid = {BBF64990-8B44-479C-A610-375533064464}
	EndGlobalSection
EndGlobal
